// !$*UTF8*$!
{
	archiveVersion = 1;
	classes = {
	};
	objectVersion = 46;
	objects = {

/* Begin PBXBuildFile section */
		2284C1B51B3BF3D600187396 /* AVORotatorTests.m in Sources */ = {isa = PBXBuildFile; fileRef = 2284C1B41B3BF3D600187396 /* AVORotatorTests.m */; };
		228B8B8C1B35CE3800D0FCD0 /* main.m in Sources */ = {isa = PBXBuildFile; fileRef = 228B8B8B1B35CE3800D0FCD0 /* main.m */; };
		228B8B8F1B35CE3800D0FCD0 /* AppDelegate.m in Sources */ = {isa = PBXBuildFile; fileRef = 228B8B8E1B35CE3800D0FCD0 /* AppDelegate.m */; };
		228B8B951B35CE3800D0FCD0 /* Main.storyboard in Resources */ = {isa = PBXBuildFile; fileRef = 228B8B931B35CE3800D0FCD0 /* Main.storyboard */; };
		228B8B971B35CE3800D0FCD0 /* Images.xcassets in Resources */ = {isa = PBXBuildFile; fileRef = 228B8B961B35CE3800D0FCD0 /* Images.xcassets */; };
		228B8B9A1B35CE3800D0FCD0 /* LaunchScreen.xib in Resources */ = {isa = PBXBuildFile; fileRef = 228B8B981B35CE3800D0FCD0 /* LaunchScreen.xib */; };
		228B8BA61B35CE3800D0FCD0 /* CarouselTests.m in Sources */ = {isa = PBXBuildFile; fileRef = 228B8BA51B35CE3800D0FCD0 /* CarouselTests.m */; };
		228D373E1B51A81E00AD9AE1 /* AVOCarouselViewController.m in Sources */ = {isa = PBXBuildFile; fileRef = 228D373D1B51A81E00AD9AE1 /* AVOCarouselViewController.m */; };
		22FE30461B381E9300AA33A3 /* AVOSizeCalculatorTests.m in Sources */ = {isa = PBXBuildFile; fileRef = 22FE30451B381E9300AA33A3 /* AVOSizeCalculatorTests.m */; };
		22FE30481B3843DA00AA33A3 /* AVOPathTests.m in Sources */ = {isa = PBXBuildFile; fileRef = 22FE30471B3843DA00AA33A3 /* AVOPathTests.m */; };
		28B4D45E58EE705E3224DDEC /* libPods.a in Frameworks */ = {isa = PBXBuildFile; fileRef = 1C4D45798214E7D6AEB62BF0 /* libPods.a */; };
		ABD4F57D794475D6C32EB681 /* AVORotator.m in Sources */ = {isa = PBXBuildFile; fileRef = ABD4FED23B96E4152ACBC086 /* AVORotator.m */; };
		ABD4FA0F3645231EB04CE59B /* AVOSizeCalculator.m in Sources */ = {isa = PBXBuildFile; fileRef = ABD4F43DACD72D6FB8E0DD06 /* AVOSizeCalculator.m */; };
		ABD4FC1EED8E03FC6D4AC5ED /* AVOCarouselView.m in Sources */ = {isa = PBXBuildFile; fileRef = ABD4F6A0C4B1167D4F2758AC /* AVOCarouselView.m */; };
		ABD4FDC873FF46720CDEFE0F /* AVOPath.m in Sources */ = {isa = PBXBuildFile; fileRef = ABD4F3AD28C28AEF6D43B527 /* AVOPath.m */; };
/* End PBXBuildFile section */

/* Begin PBXContainerItemProxy section */
		228B8BA01B35CE3800D0FCD0 /* PBXContainerItemProxy */ = {
			isa = PBXContainerItemProxy;
			containerPortal = 228B8B7E1B35CE3800D0FCD0 /* Project object */;
			proxyType = 1;
			remoteGlobalIDString = 228B8B851B35CE3800D0FCD0;
			remoteInfo = Carousel;
		};
/* End PBXContainerItemProxy section */

/* Begin PBXFileReference section */
		1C4D45798214E7D6AEB62BF0 /* libPods.a */ = {isa = PBXFileReference; explicitFileType = archive.ar; includeInIndex = 0; path = libPods.a; sourceTree = BUILT_PRODUCTS_DIR; };
		2284C1B41B3BF3D600187396 /* AVORotatorTests.m */ = {isa = PBXFileReference; fileEncoding = 4; lastKnownFileType = sourcecode.c.objc; path = AVORotatorTests.m; sourceTree = "<group>"; };
		228B8B861B35CE3800D0FCD0 /* Carousel.app */ = {isa = PBXFileReference; explicitFileType = wrapper.application; includeInIndex = 0; path = Carousel.app; sourceTree = BUILT_PRODUCTS_DIR; };
		228B8B8A1B35CE3800D0FCD0 /* Info.plist */ = {isa = PBXFileReference; lastKnownFileType = text.plist.xml; path = Info.plist; sourceTree = "<group>"; };
		228B8B8B1B35CE3800D0FCD0 /* main.m */ = {isa = PBXFileReference; lastKnownFileType = sourcecode.c.objc; path = main.m; sourceTree = "<group>"; };
		228B8B8D1B35CE3800D0FCD0 /* AppDelegate.h */ = {isa = PBXFileReference; lastKnownFileType = sourcecode.c.h; path = AppDelegate.h; sourceTree = "<group>"; };
		228B8B8E1B35CE3800D0FCD0 /* AppDelegate.m */ = {isa = PBXFileReference; lastKnownFileType = sourcecode.c.objc; path = AppDelegate.m; sourceTree = "<group>"; };
		228B8B941B35CE3800D0FCD0 /* Base */ = {isa = PBXFileReference; lastKnownFileType = file.storyboard; name = Base; path = Base.lproj/Main.storyboard; sourceTree = "<group>"; };
		228B8B961B35CE3800D0FCD0 /* Images.xcassets */ = {isa = PBXFileReference; lastKnownFileType = folder.assetcatalog; path = Images.xcassets; sourceTree = "<group>"; };
		228B8B991B35CE3800D0FCD0 /* Base */ = {isa = PBXFileReference; lastKnownFileType = file.xib; name = Base; path = Base.lproj/LaunchScreen.xib; sourceTree = "<group>"; };
		228B8B9F1B35CE3800D0FCD0 /* CarouselTests.xctest */ = {isa = PBXFileReference; explicitFileType = wrapper.cfbundle; includeInIndex = 0; path = CarouselTests.xctest; sourceTree = BUILT_PRODUCTS_DIR; };
		228B8BA41B35CE3800D0FCD0 /* Info.plist */ = {isa = PBXFileReference; lastKnownFileType = text.plist.xml; path = Info.plist; sourceTree = "<group>"; };
		228B8BA51B35CE3800D0FCD0 /* CarouselTests.m */ = {isa = PBXFileReference; lastKnownFileType = sourcecode.c.objc; path = CarouselTests.m; sourceTree = "<group>"; };
		228D373C1B51A81E00AD9AE1 /* AVOCarouselViewController.h */ = {isa = PBXFileReference; fileEncoding = 4; lastKnownFileType = sourcecode.c.h; path = AVOCarouselViewController.h; sourceTree = "<group>"; };
		228D373D1B51A81E00AD9AE1 /* AVOCarouselViewController.m */ = {isa = PBXFileReference; fileEncoding = 4; lastKnownFileType = sourcecode.c.objc; path = AVOCarouselViewController.m; sourceTree = "<group>"; };
		22FE30451B381E9300AA33A3 /* AVOSizeCalculatorTests.m */ = {isa = PBXFileReference; fileEncoding = 4; lastKnownFileType = sourcecode.c.objc; path = AVOSizeCalculatorTests.m; sourceTree = "<group>"; };
		22FE30471B3843DA00AA33A3 /* AVOPathTests.m */ = {isa = PBXFileReference; fileEncoding = 4; lastKnownFileType = sourcecode.c.objc; path = AVOPathTests.m; sourceTree = "<group>"; };
		2F102F8CBB2CDB4FFD6B0204 /* Pods.release.xcconfig */ = {isa = PBXFileReference; includeInIndex = 1; lastKnownFileType = text.xcconfig; name = Pods.release.xcconfig; path = "Pods/Target Support Files/Pods/Pods.release.xcconfig"; sourceTree = "<group>"; };
		39788719322DAEE69E70AAF3 /* Pods.debug.xcconfig */ = {isa = PBXFileReference; includeInIndex = 1; lastKnownFileType = text.xcconfig; name = Pods.debug.xcconfig; path = "Pods/Target Support Files/Pods/Pods.debug.xcconfig"; sourceTree = "<group>"; };
		ABD4F0D1312AB6A11C8E6A5B /* AVOPath.h */ = {isa = PBXFileReference; fileEncoding = 4; lastKnownFileType = sourcecode.c.h; path = AVOPath.h; sourceTree = "<group>"; };
		ABD4F3AD28C28AEF6D43B527 /* AVOPath.m */ = {isa = PBXFileReference; fileEncoding = 4; lastKnownFileType = sourcecode.c.objc; path = AVOPath.m; sourceTree = "<group>"; };
		ABD4F43DACD72D6FB8E0DD06 /* AVOSizeCalculator.m */ = {isa = PBXFileReference; fileEncoding = 4; lastKnownFileType = sourcecode.c.objc; path = AVOSizeCalculator.m; sourceTree = "<group>"; };
		ABD4F51FF9F709AF3ACEC33D /* AVOCarouselView.h */ = {isa = PBXFileReference; fileEncoding = 4; lastKnownFileType = sourcecode.c.h; path = AVOCarouselView.h; sourceTree = "<group>"; };
		ABD4F6A0C4B1167D4F2758AC /* AVOCarouselView.m */ = {isa = PBXFileReference; fileEncoding = 4; lastKnownFileType = sourcecode.c.objc; path = AVOCarouselView.m; sourceTree = "<group>"; };
		ABD4F914884FDB53B02EE13F /* AVOSizeCalculator.h */ = {isa = PBXFileReference; fileEncoding = 4; lastKnownFileType = sourcecode.c.h; path = AVOSizeCalculator.h; sourceTree = "<group>"; };
		ABD4FED23B96E4152ACBC086 /* AVORotator.m */ = {isa = PBXFileReference; fileEncoding = 4; lastKnownFileType = sourcecode.c.objc; path = AVORotator.m; sourceTree = "<group>"; };
		ABD4FF60828368AAB8068A1B /* AVORotator.h */ = {isa = PBXFileReference; fileEncoding = 4; lastKnownFileType = sourcecode.c.h; path = AVORotator.h; sourceTree = "<group>"; };
/* End PBXFileReference section */

/* Begin PBXFrameworksBuildPhase section */
		228B8B831B35CE3800D0FCD0 /* Frameworks */ = {
			isa = PBXFrameworksBuildPhase;
			buildActionMask = 2147483647;
			files = (
				28B4D45E58EE705E3224DDEC /* libPods.a in Frameworks */,
			);
			runOnlyForDeploymentPostprocessing = 0;
		};
		228B8B9C1B35CE3800D0FCD0 /* Frameworks */ = {
			isa = PBXFrameworksBuildPhase;
			buildActionMask = 2147483647;
			files = (
			);
			runOnlyForDeploymentPostprocessing = 0;
		};
/* End PBXFrameworksBuildPhase section */

/* Begin PBXGroup section */
		228B8B7D1B35CE3800D0FCD0 = {
			isa = PBXGroup;
			children = (
				228B8B881B35CE3800D0FCD0 /* Carousel */,
				228B8BA21B35CE3800D0FCD0 /* CarouselTests */,
				228B8B871B35CE3800D0FCD0 /* Products */,
				FB25F198FD47382DCCEFC6D2 /* Pods */,
				4AA06A30070D81482565D08B /* Frameworks */,
			);
			sourceTree = "<group>";
		};
		228B8B871B35CE3800D0FCD0 /* Products */ = {
			isa = PBXGroup;
			children = (
				228B8B861B35CE3800D0FCD0 /* Carousel.app */,
				228B8B9F1B35CE3800D0FCD0 /* CarouselTests.xctest */,
			);
			name = Products;
			sourceTree = "<group>";
		};
		228B8B881B35CE3800D0FCD0 /* Carousel */ = {
			isa = PBXGroup;
			children = (
				228B8B8D1B35CE3800D0FCD0 /* AppDelegate.h */,
				228B8B8E1B35CE3800D0FCD0 /* AppDelegate.m */,
				228B8B931B35CE3800D0FCD0 /* Main.storyboard */,
				228B8B961B35CE3800D0FCD0 /* Images.xcassets */,
				228B8B981B35CE3800D0FCD0 /* LaunchScreen.xib */,
				228B8B891B35CE3800D0FCD0 /* Supporting Files */,
				ABD4F43DACD72D6FB8E0DD06 /* AVOSizeCalculator.m */,
				ABD4F914884FDB53B02EE13F /* AVOSizeCalculator.h */,
				ABD4F3AD28C28AEF6D43B527 /* AVOPath.m */,
				ABD4F0D1312AB6A11C8E6A5B /* AVOPath.h */,
				ABD4FED23B96E4152ACBC086 /* AVORotator.m */,
				ABD4FF60828368AAB8068A1B /* AVORotator.h */,
				ABD4F6A0C4B1167D4F2758AC /* AVOCarouselView.m */,
				ABD4F51FF9F709AF3ACEC33D /* AVOCarouselView.h */,
				228D373C1B51A81E00AD9AE1 /* AVOCarouselViewController.h */,
				228D373D1B51A81E00AD9AE1 /* AVOCarouselViewController.m */,
			);
			path = Carousel;
			sourceTree = "<group>";
		};
		228B8B891B35CE3800D0FCD0 /* Supporting Files */ = {
			isa = PBXGroup;
			children = (
				228B8B8A1B35CE3800D0FCD0 /* Info.plist */,
				228B8B8B1B35CE3800D0FCD0 /* main.m */,
			);
			name = "Supporting Files";
			sourceTree = "<group>";
		};
		228B8BA21B35CE3800D0FCD0 /* CarouselTests */ = {
			isa = PBXGroup;
			children = (
				228B8BA31B35CE3800D0FCD0 /* Supporting Files */,
				228B8BA51B35CE3800D0FCD0 /* CarouselTests.m */,
				22FE30451B381E9300AA33A3 /* AVOSizeCalculatorTests.m */,
				22FE30471B3843DA00AA33A3 /* AVOPathTests.m */,
				2284C1B41B3BF3D600187396 /* AVORotatorTests.m */,
			);
			path = CarouselTests;
			sourceTree = "<group>";
		};
		228B8BA31B35CE3800D0FCD0 /* Supporting Files */ = {
			isa = PBXGroup;
			children = (
				228B8BA41B35CE3800D0FCD0 /* Info.plist */,
			);
			name = "Supporting Files";
			sourceTree = "<group>";
		};
		4AA06A30070D81482565D08B /* Frameworks */ = {
			isa = PBXGroup;
			children = (
				1C4D45798214E7D6AEB62BF0 /* libPods.a */,
			);
			name = Frameworks;
			sourceTree = "<group>";
		};
		FB25F198FD47382DCCEFC6D2 /* Pods */ = {
			isa = PBXGroup;
			children = (
				39788719322DAEE69E70AAF3 /* Pods.debug.xcconfig */,
				2F102F8CBB2CDB4FFD6B0204 /* Pods.release.xcconfig */,
			);
			name = Pods;
			sourceTree = "<group>";
		};
/* End PBXGroup section */

/* Begin PBXNativeTarget section */
		228B8B851B35CE3800D0FCD0 /* Carousel */ = {
			isa = PBXNativeTarget;
			buildConfigurationList = 228B8BA91B35CE3800D0FCD0 /* Build configuration list for PBXNativeTarget "Carousel" */;
			buildPhases = (
				AD001D7E18C780D723D11533 /* Check Pods Manifest.lock */,
				228B8B821B35CE3800D0FCD0 /* Sources */,
				228B8B831B35CE3800D0FCD0 /* Frameworks */,
				228B8B841B35CE3800D0FCD0 /* Resources */,
				48C65710B716C082492A3998 /* Copy Pods Resources */,
			);
			buildRules = (
			);
			dependencies = (
			);
			name = Carousel;
			productName = Carousel;
			productReference = 228B8B861B35CE3800D0FCD0 /* Carousel.app */;
			productType = "com.apple.product-type.application";
		};
		228B8B9E1B35CE3800D0FCD0 /* CarouselTests */ = {
			isa = PBXNativeTarget;
			buildConfigurationList = 228B8BAC1B35CE3800D0FCD0 /* Build configuration list for PBXNativeTarget "CarouselTests" */;
			buildPhases = (
				228B8B9B1B35CE3800D0FCD0 /* Sources */,
				228B8B9C1B35CE3800D0FCD0 /* Frameworks */,
				228B8B9D1B35CE3800D0FCD0 /* Resources */,
			);
			buildRules = (
			);
			dependencies = (
				228B8BA11B35CE3800D0FCD0 /* PBXTargetDependency */,
			);
			name = CarouselTests;
			productName = CarouselTests;
			productReference = 228B8B9F1B35CE3800D0FCD0 /* CarouselTests.xctest */;
			productType = "com.apple.product-type.bundle.unit-test";
		};
/* End PBXNativeTarget section */

/* Begin PBXProject section */
		228B8B7E1B35CE3800D0FCD0 /* Project object */ = {
			isa = PBXProject;
			attributes = {
				LastUpgradeCheck = 0630;
				ORGANIZATIONNAME = aolkov;
				TargetAttributes = {
					228B8B851B35CE3800D0FCD0 = {
						CreatedOnToolsVersion = 6.3.2;
					};
					228B8B9E1B35CE3800D0FCD0 = {
						CreatedOnToolsVersion = 6.3.2;
						TestTargetID = 228B8B851B35CE3800D0FCD0;
					};
				};
			};
			buildConfigurationList = 228B8B811B35CE3800D0FCD0 /* Build configuration list for PBXProject "Carousel" */;
			compatibilityVersion = "Xcode 3.2";
			developmentRegion = English;
			hasScannedForEncodings = 0;
			knownRegions = (
				en,
				Base,
			);
			mainGroup = 228B8B7D1B35CE3800D0FCD0;
			productRefGroup = 228B8B871B35CE3800D0FCD0 /* Products */;
			projectDirPath = "";
			projectRoot = "";
			targets = (
				228B8B851B35CE3800D0FCD0 /* Carousel */,
				228B8B9E1B35CE3800D0FCD0 /* CarouselTests */,
			);
		};
/* End PBXProject section */

/* Begin PBXResourcesBuildPhase section */
		228B8B841B35CE3800D0FCD0 /* Resources */ = {
			isa = PBXResourcesBuildPhase;
			buildActionMask = 2147483647;
			files = (
				228B8B951B35CE3800D0FCD0 /* Main.storyboard in Resources */,
				228B8B9A1B35CE3800D0FCD0 /* LaunchScreen.xib in Resources */,
				228B8B971B35CE3800D0FCD0 /* Images.xcassets in Resources */,
			);
			runOnlyForDeploymentPostprocessing = 0;
		};
		228B8B9D1B35CE3800D0FCD0 /* Resources */ = {
			isa = PBXResourcesBuildPhase;
			buildActionMask = 2147483647;
			files = (
			);
			runOnlyForDeploymentPostprocessing = 0;
		};
/* End PBXResourcesBuildPhase section */

/* Begin PBXShellScriptBuildPhase section */
		48C65710B716C082492A3998 /* Copy Pods Resources */ = {
			isa = PBXShellScriptBuildPhase;
			buildActionMask = 2147483647;
			files = (
			);
			inputPaths = (
			);
			name = "Copy Pods Resources";
			outputPaths = (
			);
			runOnlyForDeploymentPostprocessing = 0;
			shellPath = /bin/sh;
			shellScript = "\"${SRCROOT}/Pods/Target Support Files/Pods/Pods-resources.sh\"\n";
			showEnvVarsInLog = 0;
		};
		AD001D7E18C780D723D11533 /* Check Pods Manifest.lock */ = {
			isa = PBXShellScriptBuildPhase;
			buildActionMask = 2147483647;
			files = (
			);
			inputPaths = (
			);
			name = "Check Pods Manifest.lock";
			outputPaths = (
			);
			runOnlyForDeploymentPostprocessing = 0;
			shellPath = /bin/sh;
			shellScript = "diff \"${PODS_ROOT}/../Podfile.lock\" \"${PODS_ROOT}/Manifest.lock\" > /dev/null\nif [[ $? != 0 ]] ; then\n    cat << EOM\nerror: The sandbox is not in sync with the Podfile.lock. Run 'pod install' or update your CocoaPods installation.\nEOM\n    exit 1\nfi\n";
			showEnvVarsInLog = 0;
		};
/* End PBXShellScriptBuildPhase section */

/* Begin PBXSourcesBuildPhase section */
		228B8B821B35CE3800D0FCD0 /* Sources */ = {
			isa = PBXSourcesBuildPhase;
			buildActionMask = 2147483647;
			files = (
				228B8B8F1B35CE3800D0FCD0 /* AppDelegate.m in Sources */,
				228B8B8C1B35CE3800D0FCD0 /* main.m in Sources */,
				ABD4FA0F3645231EB04CE59B /* AVOSizeCalculator.m in Sources */,
				ABD4FDC873FF46720CDEFE0F /* AVOPath.m in Sources */,
				228D373E1B51A81E00AD9AE1 /* AVOCarouselViewController.m in Sources */,
				ABD4F57D794475D6C32EB681 /* AVORotator.m in Sources */,
				ABD4FC1EED8E03FC6D4AC5ED /* AVOCarouselView.m in Sources */,
			);
			runOnlyForDeploymentPostprocessing = 0;
		};
		228B8B9B1B35CE3800D0FCD0 /* Sources */ = {
			isa = PBXSourcesBuildPhase;
			buildActionMask = 2147483647;
			files = (
				2284C1B51B3BF3D600187396 /* AVORotatorTests.m in Sources */,
				228B8BA61B35CE3800D0FCD0 /* CarouselTests.m in Sources */,
				22FE30461B381E9300AA33A3 /* AVOSizeCalculatorTests.m in Sources */,
				22FE30481B3843DA00AA33A3 /* AVOPathTests.m in Sources */,
			);
			runOnlyForDeploymentPostprocessing = 0;
		};
/* End PBXSourcesBuildPhase section */

/* Begin PBXTargetDependency section */
		228B8BA11B35CE3800D0FCD0 /* PBXTargetDependency */ = {
			isa = PBXTargetDependency;
			target = 228B8B851B35CE3800D0FCD0 /* Carousel */;
			targetProxy = 228B8BA01B35CE3800D0FCD0 /* PBXContainerItemProxy */;
		};
/* End PBXTargetDependency section */

/* Begin PBXVariantGroup section */
		228B8B931B35CE3800D0FCD0 /* Main.storyboard */ = {
			isa = PBXVariantGroup;
			children = (
				228B8B941B35CE3800D0FCD0 /* Base */,
			);
			name = Main.storyboard;
			sourceTree = "<group>";
		};
		228B8B981B35CE3800D0FCD0 /* LaunchScreen.xib */ = {
			isa = PBXVariantGroup;
			children = (
				228B8B991B35CE3800D0FCD0 /* Base */,
			);
			name = LaunchScreen.xib;
			sourceTree = "<group>";
		};
/* End PBXVariantGroup section */

/* Begin XCBuildConfiguration section */
		228B8BA71B35CE3800D0FCD0 /* Debug */ = {
			isa = XCBuildConfiguration;
			buildSettings = {
				ALWAYS_SEARCH_USER_PATHS = NO;
				CLANG_CXX_LANGUAGE_STANDARD = "gnu++0x";
				CLANG_CXX_LIBRARY = "libc++";
				CLANG_ENABLE_MODULES = YES;
				CLANG_ENABLE_OBJC_ARC = YES;
				CLANG_WARN_BOOL_CONVERSION = YES;
				CLANG_WARN_CONSTANT_CONVERSION = YES;
				CLANG_WARN_DIRECT_OBJC_ISA_USAGE = YES_ERROR;
				CLANG_WARN_EMPTY_BODY = YES;
				CLANG_WARN_ENUM_CONVERSION = YES;
				CLANG_WARN_INT_CONVERSION = YES;
				CLANG_WARN_OBJC_ROOT_CLASS = YES_ERROR;
				CLANG_WARN_UNREACHABLE_CODE = YES;
				CLANG_WARN__DUPLICATE_METHOD_MATCH = YES;
				"CODE_SIGN_IDENTITY[sdk=iphoneos*]" = "iPhone Developer";
				COPY_PHASE_STRIP = NO;
				DEBUG_INFORMATION_FORMAT = "dwarf-with-dsym";
				ENABLE_STRICT_OBJC_MSGSEND = YES;
				GCC_C_LANGUAGE_STANDARD = gnu99;
				GCC_DYNAMIC_NO_PIC = NO;
				GCC_NO_COMMON_BLOCKS = YES;
				GCC_OPTIMIZATION_LEVEL = 0;
				GCC_PREPROCESSOR_DEFINITIONS = (
					"DEBUG=1",
					"$(inherited)",
				);
				GCC_SYMBOLS_PRIVATE_EXTERN = NO;
				GCC_WARN_64_TO_32_BIT_CONVERSION = YES;
				GCC_WARN_ABOUT_RETURN_TYPE = YES_ERROR;
				GCC_WARN_UNDECLARED_SELECTOR = YES;
				GCC_WARN_UNINITIALIZED_AUTOS = YES_AGGRESSIVE;
				GCC_WARN_UNUSED_FUNCTION = YES;
				GCC_WARN_UNUSED_VARIABLE = YES;
				IPHONEOS_DEPLOYMENT_TARGET = 8.3;
				MTL_ENABLE_DEBUG_INFO = YES;
				ONLY_ACTIVE_ARCH = YES;
				SDKROOT = iphoneos;
			};
			name = Debug;
		};
		228B8BA81B35CE3800D0FCD0 /* Release */ = {
			isa = XCBuildConfiguration;
			buildSettings = {
				ALWAYS_SEARCH_USER_PATHS = NO;
				CLANG_CXX_LANGUAGE_STANDARD = "gnu++0x";
				CLANG_CXX_LIBRARY = "libc++";
				CLANG_ENABLE_MODULES = YES;
				CLANG_ENABLE_OBJC_ARC = YES;
				CLANG_WARN_BOOL_CONVERSION = YES;
				CLANG_WARN_CONSTANT_CONVERSION = YES;
				CLANG_WARN_DIRECT_OBJC_ISA_USAGE = YES_ERROR;
				CLANG_WARN_EMPTY_BODY = YES;
				CLANG_WARN_ENUM_CONVERSION = YES;
				CLANG_WARN_INT_CONVERSION = YES;
				CLANG_WARN_OBJC_ROOT_CLASS = YES_ERROR;
				CLANG_WARN_UNREACHABLE_CODE = YES;
				CLANG_WARN__DUPLICATE_METHOD_MATCH = YES;
				"CODE_SIGN_IDENTITY[sdk=iphoneos*]" = "iPhone Developer";
				COPY_PHASE_STRIP = NO;
				DEBUG_INFORMATION_FORMAT = "dwarf-with-dsym";
				ENABLE_NS_ASSERTIONS = NO;
				ENABLE_STRICT_OBJC_MSGSEND = YES;
				GCC_C_LANGUAGE_STANDARD = gnu99;
				GCC_NO_COMMON_BLOCKS = YES;
				GCC_WARN_64_TO_32_BIT_CONVERSION = YES;
				GCC_WARN_ABOUT_RETURN_TYPE = YES_ERROR;
				GCC_WARN_UNDECLARED_SELECTOR = YES;
				GCC_WARN_UNINITIALIZED_AUTOS = YES_AGGRESSIVE;
				GCC_WARN_UNUSED_FUNCTION = YES;
				GCC_WARN_UNUSED_VARIABLE = YES;
				IPHONEOS_DEPLOYMENT_TARGET = 8.3;
				MTL_ENABLE_DEBUG_INFO = NO;
				SDKROOT = iphoneos;
				VALIDATE_PRODUCT = YES;
			};
			name = Release;
		};
		228B8BAA1B35CE3800D0FCD0 /* Debug */ = {
			isa = XCBuildConfiguration;
			baseConfigurationReference = 39788719322DAEE69E70AAF3 /* Pods.debug.xcconfig */;
			buildSettings = {
				ASSETCATALOG_COMPILER_APPICON_NAME = AppIcon;
				INFOPLIST_FILE = Carousel/Info.plist;
				IPHONEOS_DEPLOYMENT_TARGET = 8.0;
				LD_RUNPATH_SEARCH_PATHS = "$(inherited) @executable_path/Frameworks";
				PRODUCT_NAME = "$(TARGET_NAME)";
				USER_HEADER_SEARCH_PATHS = "\"${PROJECT_DIR}/Pods\"/**";
			};
			name = Debug;
		};
		228B8BAB1B35CE3800D0FCD0 /* Release */ = {
			isa = XCBuildConfiguration;
			baseConfigurationReference = 2F102F8CBB2CDB4FFD6B0204 /* Pods.release.xcconfig */;
			buildSettings = {
				ASSETCATALOG_COMPILER_APPICON_NAME = AppIcon;
				INFOPLIST_FILE = Carousel/Info.plist;
				IPHONEOS_DEPLOYMENT_TARGET = 8.0;
				LD_RUNPATH_SEARCH_PATHS = "$(inherited) @executable_path/Frameworks";
				PRODUCT_NAME = "$(TARGET_NAME)";
				USER_HEADER_SEARCH_PATHS = "\"${PROJECT_DIR}/Pods\"/**";
			};
			name = Release;
		};
		228B8BAD1B35CE3800D0FCD0 /* Debug */ = {
			isa = XCBuildConfiguration;
			buildSettings = {
				BUNDLE_LOADER = "$(TEST_HOST)";
				FRAMEWORK_SEARCH_PATHS = (
					"$(SDKROOT)/Developer/Library/Frameworks",
					"$(inherited)",
				);
				GCC_PREPROCESSOR_DEFINITIONS = (
					"DEBUG=1",
					"$(inherited)",
				);
				INFOPLIST_FILE = CarouselTests/Info.plist;
				LD_RUNPATH_SEARCH_PATHS = "$(inherited) @executable_path/Frameworks @loader_path/Frameworks";
				PRODUCT_NAME = "$(TARGET_NAME)";
				TEST_HOST = "$(BUILT_PRODUCTS_DIR)/Carousel.app/Carousel";
			};
			name = Debug;
		};
		228B8BAE1B35CE3800D0FCD0 /* Release */ = {
			isa = XCBuildConfiguration;
			buildSettings = {
				BUNDLE_LOADER = "$(TEST_HOST)";
				FRAMEWORK_SEARCH_PATHS = (
					"$(SDKROOT)/Developer/Library/Frameworks",
					"$(inherited)",
				);
				INFOPLIST_FILE = CarouselTests/Info.plist;
				LD_RUNPATH_SEARCH_PATHS = "$(inherited) @executable_path/Frameworks @loader_path/Frameworks";
				PRODUCT_NAME = "$(TARGET_NAME)";
				TEST_HOST = "$(BUILT_PRODUCTS_DIR)/Carousel.app/Carousel";
			};
			name = Release;
		};
/* End XCBuildConfiguration section */

/* Begin XCConfigurationList section */
		228B8B811B35CE3800D0FCD0 /* Build configuration list for PBXProject "Carousel" */ = {
			isa = XCConfigurationList;
			buildConfigurations = (
				228B8BA71B35CE3800D0FCD0 /* Debug */,
				228B8BA81B35CE3800D0FCD0 /* Release */,
			);
			defaultConfigurationIsVisible = 0;
			defaultConfigurationName = Release;
		};
		228B8BA91B35CE3800D0FCD0 /* Build configuration list for PBXNativeTarget "Carousel" */ = {
			isa = XCConfigurationList;
			buildConfigurations = (
				228B8BAA1B35CE3800D0FCD0 /* Debug */,
				228B8BAB1B35CE3800D0FCD0 /* Release */,
			);
			defaultConfigurationIsVisible = 0;
			defaultConfigurationName = Release;
		};
		228B8BAC1B35CE3800D0FCD0 /* Build configuration list for PBXNativeTarget "CarouselTests" */ = {
			isa = XCConfigurationList;
			buildConfigurations = (
				228B8BAD1B35CE3800D0FCD0 /* Debug */,
				228B8BAE1B35CE3800D0FCD0 /* Release */,
			);
			defaultConfigurationIsVisible = 0;
			defaultConfigurationName = Release;
		};
/* End XCConfigurationList section */
	};
	rootObject = 228B8B7E1B35CE3800D0FCD0 /* Project object */;
}
